
Microsoft Visual Studio Solution File, Format Version 12.00
# Visual Studio Version 17
VisualStudioVersion = 17.4.33403.182
MinimumVisualStudioVersion = 10.0.40219.1
Project("{FAE04EC0-301F-11D3-BF4B-00C04F79EFBC}") = "WebAdvert.Web", "WebAdvert.Web.csproj", "{639C0D86-E8C4-46DF-85C9-727674EB5EDF}"
EndProject
Global
	GlobalSection(SolutionConfigurationPlatforms) = preSolution
		Debug|Any CPU = Debug|Any CPU
		Release|Any CPU = Release|Any CPU
	EndGlobalSection
	GlobalSection(ProjectConfigurationPlatforms) = postSolution
		{639C0D86-E8C4-46DF-85C9-727674EB5EDF}.Debug|Any CPU.ActiveCfg = Debug|Any CPU
		{639C0D86-E8C4-46DF-85C9-727674EB5EDF}.Debug|Any CPU.Build.0 = Debug|Any CPU
		{639C0D86-E8C4-46DF-85C9-727674EB5EDF}.Release|Any CPU.ActiveCfg = Release|Any CPU
		{639C0D86-E8C4-46DF-85C9-727674EB5EDF}.Release|Any CPU.Build.0 = Release|Any CPU
	EndGlobalSection
	GlobalSection(SolutionProperties) = preSolution
		HideSolutionNode = FALSE
	EndGlobalSection
	GlobalSection(ExtensibilityGlobals) = postSolution
		SolutionGuid = {8485EF8B-230D-442B-8B11-F95B790263B2}
	EndGlobalSection
EndGlobal
